<?xml version="1.0" encoding="UTF-8"?>
<Scheme
   LastUpgradeVersion = "1130"
   version = "1.3">
   <BuildAction
      parallelizeBuildables = "YES"
      buildImplicitDependencies = "YES">
      <BuildActionEntries>
         <BuildActionEntry
            buildForTesting = "YES"
            buildForRunning = "YES"
            buildForProfiling = "YES"
            buildForArchiving = "YES"
            buildForAnalyzing = "YES">
            <BuildableReference
               BuildableIdentifier = "primary"
               BlueprintIdentifier = "D75489EB23B5A22C00EB723E"
               BuildableName = "MapKit-SwiftUI-for-iOS-macOS.app"
               BlueprintName = "MapKit-SwiftUI-for-iOS-macOS"
               ReferencedContainer = "container:MapKit-SwiftUI-for-iOS-macOS.xcodeproj">
            </BuildableReference>
         </BuildActionEntry>
      </BuildActionEntries>
   </BuildAction>
   <TestAction
      buildConfiguration = "Debug"
      selectedDebuggerIdentifier = "Xcode.DebuggerFoundation.Debugger.LLDB"
      selectedLauncherIdentifier = "Xcode.DebuggerFoundation.Launcher.LLDB"
      shouldUseLaunchSchemeArgsEnv = "YES">
      <Testables>
         <TestableReference
            skipped = "NO">
            <BuildableReference
               BuildableIdentifier = "primary"
               BlueprintIdentifier = "D7548A0023B5A22D00EB723E"
               BuildableName = "MapKit-swiftuiTests.xctest"
               BlueprintName = "MapKit-swiftuiTests"
               ReferencedContainer = "container:MapKit-SwiftUI-for-iOS-macOS.xcodeproj">
            </BuildableReference>
         </TestableReference>
         <TestableReference
            skipped = "NO">
            <BuildableReference
               BuildableIdentifier = "primary"
               BlueprintIdentifier = "D7548A0B23B5A22E00EB723E"
               BuildableName = "MapKit-swiftuiUITests.xctest"
               BlueprintName = "MapKit-swiftuiUITests"
               ReferencedContainer = "container:MapKit-SwiftUI-for-iOS-macOS.xcodeproj">
            </BuildableReference>
         </TestableReference>
      </Testables>
   </TestAction>
   <LaunchAction
      buildConfiguration = "Debug"
      selectedDebuggerIdentifier = "Xcode.DebuggerFoundation.Debugger.LLDB"
      selectedLauncherIdentifier = "Xcode.DebuggerFoundation.Launcher.LLDB"
      launchStyle = "0"
      useCustomWorkingDirectory = "NO"
      ignoresPersistentStateOnLaunch = "NO"
      debugDocumentVersioning = "YES"
      debugServiceExtension = "internal"
      allowLocationSimulation = "YES">
      <BuildableProductRunnable
         runnableDebuggingMode = "0">
         <BuildableReference
            BuildableIdentifier = "primary"
            BlueprintIdentifier = "D75489EB23B5A22C00EB723E"
            BuildableName = "MapKit-SwiftUI-for-iOS-macOS.app"
            BlueprintName = "MapKit-SwiftUI-for-iOS-macOS"
            ReferencedContainer = "container:MapKit-SwiftUI-for-iOS-macOS.xcodeproj">
         </BuildableReference>
      </BuildableProductRunnable>
   </LaunchAction>
   <ProfileAction
      buildConfiguration = "Release"
      shouldUseLaunchSchemeArgsEnv = "YES"
      savedToolIdentifier = ""
      useCustomWorkingDirectory = "NO"
      debugDocumentVersioning = "YES">
      <BuildableProductRunnable
         runnableDebuggingMode = "0">
         <BuildableReference
            BuildableIdentifier = "primary"
            BlueprintIdentifier = "D75489EB23B5A22C00EB723E"
            BuildableName = "MapKit-SwiftUI-for-iOS-macOS.app"
            BlueprintName = "MapKit-SwiftUI-for-iOS-macOS"
            ReferencedContainer = "container:MapKit-SwiftUI-for-iOS-macOS.xcodeproj">
         </BuildableReference>
      </BuildableProductRunnable>
   </ProfileAction>
   <AnalyzeAction
      buildConfiguration = "Debug">
   </AnalyzeAction>
   <ArchiveAction
      buildConfiguration = "Release"
      revealArchiveInOrganizer = "YES">
   </ArchiveAction>
</Scheme>
