// !$*UTF8*$!
{
	archiveVersion = 1;
	classes = {
	};
	objectVersion = 48;
	objects = {

/* Begin PBXBuildFile section */
		FD1909D81FC2558000A26EC8 /* AppDelegate.swift in Sources */ = {isa = PBXBuildFile; fileRef = FD1909D71FC2558000A26EC8 /* AppDelegate.swift */; };
		FD1909DA1FC2558000A26EC8 /* MasterViewController.swift in Sources */ = {isa = PBXBuildFile; fileRef = FD1909D91FC2558000A26EC8 /* MasterViewController.swift */; };
		FD1909DD1FC2558000A26EC8 /* Main.storyboard in Resources */ = {isa = PBXBuildFile; fileRef = FD1909DB1FC2558000A26EC8 /* Main.storyboard */; };
		FD1909DF1FC2558000A26EC8 /* Assets.xcassets in Resources */ = {isa = PBXBuildFile; fileRef = FD1909DE1FC2558000A26EC8 /* Assets.xcassets */; };
		FD1909E21FC2558000A26EC8 /* LaunchScreen.storyboard in Resources */ = {isa = PBXBuildFile; fileRef = FD1909E01FC2558000A26EC8 /* LaunchScreen.storyboard */; };
		FD5339EF1FC3974100A56D4D /* DetailViewController.swift in Sources */ = {isa = PBXBuildFile; fileRef = FD5339EB1FC3974100A56D4D /* DetailViewController.swift */; };
		FD5339F01FC3974100A56D4D /* CandyTheme.swift in Sources */ = {isa = PBXBuildFile; fileRef = FD5339EC1FC3974100A56D4D /* CandyTheme.swift */; };
		FD5339F11FC3974100A56D4D /* SearchFooter.swift in Sources */ = {isa = PBXBuildFile; fileRef = FD5339ED1FC3974100A56D4D /* SearchFooter.swift */; };
		FD5339F21FC3974100A56D4D /* Candy.swift in Sources */ = {isa = PBXBuildFile; fileRef = FD5339EE1FC3974100A56D4D /* Candy.swift */; };
		FDA903071FC256A800F1FB3F /* Mapbox.framework in Frameworks */ = {isa = PBXBuildFile; fileRef = FDA903061FC256A800F1FB3F /* Mapbox.framework */; };
/* End PBXBuildFile section */

/* Begin PBXFileReference section */
		FD1909D41FC2558000A26EC8 /* Mapbox-Search.app */ = {isa = PBXFileReference; explicitFileType = wrapper.application; includeInIndex = 0; path = "Mapbox-Search.app"; sourceTree = BUILT_PRODUCTS_DIR; };
		FD1909D71FC2558000A26EC8 /* AppDelegate.swift */ = {isa = PBXFileReference; lastKnownFileType = sourcecode.swift; path = AppDelegate.swift; sourceTree = "<group>"; };
		FD1909D91FC2558000A26EC8 /* MasterViewController.swift */ = {isa = PBXFileReference; lastKnownFileType = sourcecode.swift; path = MasterViewController.swift; sourceTree = "<group>"; };
		FD1909DC1FC2558000A26EC8 /* Base */ = {isa = PBXFileReference; lastKnownFileType = file.storyboard; name = Base; path = Base.lproj/Main.storyboard; sourceTree = "<group>"; };
		FD1909DE1FC2558000A26EC8 /* Assets.xcassets */ = {isa = PBXFileReference; lastKnownFileType = folder.assetcatalog; path = Assets.xcassets; sourceTree = "<group>"; };
		FD1909E11FC2558000A26EC8 /* Base */ = {isa = PBXFileReference; lastKnownFileType = file.storyboard; name = Base; path = Base.lproj/LaunchScreen.storyboard; sourceTree = "<group>"; };
		FD1909E31FC2558000A26EC8 /* Info.plist */ = {isa = PBXFileReference; lastKnownFileType = text.plist.xml; path = Info.plist; sourceTree = "<group>"; };
		FD5339EB1FC3974100A56D4D /* DetailViewController.swift */ = {isa = PBXFileReference; fileEncoding = 4; lastKnownFileType = sourcecode.swift; path = DetailViewController.swift; sourceTree = "<group>"; };
		FD5339EC1FC3974100A56D4D /* CandyTheme.swift */ = {isa = PBXFileReference; fileEncoding = 4; lastKnownFileType = sourcecode.swift; path = CandyTheme.swift; sourceTree = "<group>"; };
		FD5339ED1FC3974100A56D4D /* SearchFooter.swift */ = {isa = PBXFileReference; fileEncoding = 4; lastKnownFileType = sourcecode.swift; path = SearchFooter.swift; sourceTree = "<group>"; };
		FD5339EE1FC3974100A56D4D /* Candy.swift */ = {isa = PBXFileReference; fileEncoding = 4; lastKnownFileType = sourcecode.swift; path = Candy.swift; sourceTree = "<group>"; };
		FDA903061FC256A800F1FB3F /* Mapbox.framework */ = {isa = PBXFileReference; lastKnownFileType = wrapper.framework; name = Mapbox.framework; path = Carthage/Build/iOS/Mapbox.framework; sourceTree = "<group>"; };
/* End PBXFileReference section */

/* Begin PBXFrameworksBuildPhase section */
		FD1909D11FC2558000A26EC8 /* Frameworks */ = {
			isa = PBXFrameworksBuildPhase;
			buildActionMask = 2147483647;
			files = (
				FDA903071FC256A800F1FB3F /* Mapbox.framework in Frameworks */,
			);
			runOnlyForDeploymentPostprocessing = 0;
		};
/* End PBXFrameworksBuildPhase section */

/* Begin PBXGroup section */
		FD1909CB1FC2558000A26EC8 = {
			isa = PBXGroup;
			children = (
				FD1909D61FC2558000A26EC8 /* Mapbox-Search */,
				FD1909D51FC2558000A26EC8 /* Products */,
				FDA903051FC256A700F1FB3F /* Frameworks */,
			);
			sourceTree = "<group>";
		};
		FD1909D51FC2558000A26EC8 /* Products */ = {
			isa = PBXGroup;
			children = (
				FD1909D41FC2558000A26EC8 /* Mapbox-Search.app */,
			);
			name = Products;
			sourceTree = "<group>";
		};
		FD1909D61FC2558000A26EC8 /* Mapbox-Search */ = {
			isa = PBXGroup;
			children = (
				FD1909D71FC2558000A26EC8 /* AppDelegate.swift */,
				FD1909D91FC2558000A26EC8 /* MasterViewController.swift */,
				FD5339EE1FC3974100A56D4D /* Candy.swift */,
				FD5339EC1FC3974100A56D4D /* CandyTheme.swift */,
				FD5339EB1FC3974100A56D4D /* DetailViewController.swift */,
				FD5339ED1FC3974100A56D4D /* SearchFooter.swift */,
				FD1909DB1FC2558000A26EC8 /* Main.storyboard */,
				FD1909DE1FC2558000A26EC8 /* Assets.xcassets */,
				FD1909E01FC2558000A26EC8 /* LaunchScreen.storyboard */,
				FD1909E31FC2558000A26EC8 /* Info.plist */,
			);
			path = "Mapbox-Search";
			sourceTree = "<group>";
		};
		FDA903051FC256A700F1FB3F /* Frameworks */ = {
			isa = PBXGroup;
			children = (
				FDA903061FC256A800F1FB3F /* Mapbox.framework */,
			);
			name = Frameworks;
			sourceTree = "<group>";
		};
/* End PBXGroup section */

/* Begin PBXNativeTarget section */
		FD1909D31FC2558000A26EC8 /* Mapbox-Search */ = {
			isa = PBXNativeTarget;
			buildConfigurationList = FD1909E61FC2558000A26EC8 /* Build configuration list for PBXNativeTarget "Mapbox-Search" */;
			buildPhases = (
				FD1909D01FC2558000A26EC8 /* Sources */,
				FD1909D11FC2558000A26EC8 /* Frameworks */,
				FD1909D21FC2558000A26EC8 /* Resources */,
				FDA903081FC256AD00F1FB3F /* ShellScript */,
			);
			buildRules = (
			);
			dependencies = (
			);
			name = "Mapbox-Search";
			productName = "Mapbox-Search";
			productReference = FD1909D41FC2558000A26EC8 /* Mapbox-Search.app */;
			productType = "com.apple.product-type.application";
		};
/* End PBXNativeTarget section */

/* Begin PBXProject section */
		FD1909CC1FC2558000A26EC8 /* Project object */ = {
			isa = PBXProject;
			attributes = {
				LastSwiftUpdateCheck = 0910;
				LastUpgradeCheck = 0910;
				ORGANIZATIONNAME = "ePi Rational, Inc.";
				TargetAttributes = {
					FD1909D31FC2558000A26EC8 = {
						CreatedOnToolsVersion = 9.1;
						ProvisioningStyle = Automatic;
					};
				};
			};
			buildConfigurationList = FD1909CF1FC2558000A26EC8 /* Build configuration list for PBXProject "Mapbox-Search" */;
			compatibilityVersion = "Xcode 8.0";
			developmentRegion = en;
			hasScannedForEncodings = 0;
			knownRegions = (
				en,
				Base,
			);
			mainGroup = FD1909CB1FC2558000A26EC8;
			productRefGroup = FD1909D51FC2558000A26EC8 /* Products */;
			projectDirPath = "";
			projectRoot = "";
			targets = (
				FD1909D31FC2558000A26EC8 /* Mapbox-Search */,
			);
		};
/* End PBXProject section */

/* Begin PBXResourcesBuildPhase section */
		FD1909D21FC2558000A26EC8 /* Resources */ = {
			isa = PBXResourcesBuildPhase;
			buildActionMask = 2147483647;
			files = (
				FD1909E21FC2558000A26EC8 /* LaunchScreen.storyboard in Resources */,
				FD1909DF1FC2558000A26EC8 /* Assets.xcassets in Resources */,
				FD1909DD1FC2558000A26EC8 /* Main.storyboard in Resources */,
			);
			runOnlyForDeploymentPostprocessing = 0;
		};
/* End PBXResourcesBuildPhase section */

/* Begin PBXShellScriptBuildPhase section */
		FDA903081FC256AD00F1FB3F /* ShellScript */ = {
			isa = PBXShellScriptBuildPhase;
			buildActionMask = 2147483647;
			files = (
			);
			inputPaths = (
				"$(SRCROOT)/Carthage/Build/iOS/Mapbox.framework",
			);
			outputPaths = (
			);
			runOnlyForDeploymentPostprocessing = 0;
			shellPath = /bin/sh;
			shellScript = "/usr/local/bin/carthage copy-frameworks";
		};
/* End PBXShellScriptBuildPhase section */

/* Begin PBXSourcesBuildPhase section */
		FD1909D01FC2558000A26EC8 /* Sources */ = {
			isa = PBXSourcesBuildPhase;
			buildActionMask = 2147483647;
			files = (
				FD5339F11FC3974100A56D4D /* SearchFooter.swift in Sources */,
				FD5339F21FC3974100A56D4D /* Candy.swift in Sources */,
				FD5339EF1FC3974100A56D4D /* DetailViewController.swift in Sources */,
				FD5339F01FC3974100A56D4D /* CandyTheme.swift in Sources */,
				FD1909DA1FC2558000A26EC8 /* MasterViewController.swift in Sources */,
				FD1909D81FC2558000A26EC8 /* AppDelegate.swift in Sources */,
			);
			runOnlyForDeploymentPostprocessing = 0;
		};
/* End PBXSourcesBuildPhase section */

/* Begin PBXVariantGroup section */
		FD1909DB1FC2558000A26EC8 /* Main.storyboard */ = {
			isa = PBXVariantGroup;
			children = (
				FD1909DC1FC2558000A26EC8 /* Base */,
			);
			name = Main.storyboard;
			sourceTree = "<group>";
		};
		FD1909E01FC2558000A26EC8 /* LaunchScreen.storyboard */ = {
			isa = PBXVariantGroup;
			children = (
				FD1909E11FC2558000A26EC8 /* Base */,
			);
			name = LaunchScreen.storyboard;
			sourceTree = "<group>";
		};
/* End PBXVariantGroup section */

/* Begin XCBuildConfiguration section */
		FD1909E41FC2558000A26EC8 /* Debug */ = {
			isa = XCBuildConfiguration;
			buildSettings = {
				ALWAYS_SEARCH_USER_PATHS = NO;
				CLANG_ANALYZER_NONNULL = YES;
				CLANG_ANALYZER_NUMBER_OBJECT_CONVERSION = YES_AGGRESSIVE;
				CLANG_CXX_LANGUAGE_STANDARD = "gnu++14";
				CLANG_CXX_LIBRARY = "libc++";
				CLANG_ENABLE_MODULES = YES;
				CLANG_ENABLE_OBJC_ARC = YES;
				CLANG_WARN_BLOCK_CAPTURE_AUTORELEASING = YES;
				CLANG_WARN_BOOL_CONVERSION = YES;
				CLANG_WARN_COMMA = YES;
				CLANG_WARN_CONSTANT_CONVERSION = YES;
				CLANG_WARN_DIRECT_OBJC_ISA_USAGE = YES_ERROR;
				CLANG_WARN_DOCUMENTATION_COMMENTS = YES;
				CLANG_WARN_EMPTY_BODY = YES;
				CLANG_WARN_ENUM_CONVERSION = YES;
				CLANG_WARN_INFINITE_RECURSION = YES;
				CLANG_WARN_INT_CONVERSION = YES;
				CLANG_WARN_NON_LITERAL_NULL_CONVERSION = YES;
				CLANG_WARN_OBJC_LITERAL_CONVERSION = YES;
				CLANG_WARN_OBJC_ROOT_CLASS = YES_ERROR;
				CLANG_WARN_RANGE_LOOP_ANALYSIS = YES;
				CLANG_WARN_STRICT_PROTOTYPES = YES;
				CLANG_WARN_SUSPICIOUS_MOVE = YES;
				CLANG_WARN_UNGUARDED_AVAILABILITY = YES_AGGRESSIVE;
				CLANG_WARN_UNREACHABLE_CODE = YES;
				CLANG_WARN__DUPLICATE_METHOD_MATCH = YES;
				CODE_SIGN_IDENTITY = "iPhone Developer";
				COPY_PHASE_STRIP = NO;
				DEBUG_INFORMATION_FORMAT = dwarf;
				ENABLE_STRICT_OBJC_MSGSEND = YES;
				ENABLE_TESTABILITY = YES;
				GCC_C_LANGUAGE_STANDARD = gnu11;
				GCC_DYNAMIC_NO_PIC = NO;
				GCC_NO_COMMON_BLOCKS = YES;
				GCC_OPTIMIZATION_LEVEL = 0;
				GCC_PREPROCESSOR_DEFINITIONS = (
					"DEBUG=1",
					"$(inherited)",
				);
				GCC_WARN_64_TO_32_BIT_CONVERSION = YES;
				GCC_WARN_ABOUT_RETURN_TYPE = YES_ERROR;
				GCC_WARN_UNDECLARED_SELECTOR = YES;
				GCC_WARN_UNINITIALIZED_AUTOS = YES_AGGRESSIVE;
				GCC_WARN_UNUSED_FUNCTION = YES;
				GCC_WARN_UNUSED_VARIABLE = YES;
				IPHONEOS_DEPLOYMENT_TARGET = 11.1;
				MTL_ENABLE_DEBUG_INFO = YES;
				ONLY_ACTIVE_ARCH = YES;
				SDKROOT = iphoneos;
				SWIFT_ACTIVE_COMPILATION_CONDITIONS = DEBUG;
				SWIFT_OPTIMIZATION_LEVEL = "-Onone";
			};
			name = Debug;
		};
		FD1909E51FC2558000A26EC8 /* Release */ = {
			isa = XCBuildConfiguration;
			buildSettings = {
				ALWAYS_SEARCH_USER_PATHS = NO;
				CLANG_ANALYZER_NONNULL = YES;
				CLANG_ANALYZER_NUMBER_OBJECT_CONVERSION = YES_AGGRESSIVE;
				CLANG_CXX_LANGUAGE_STANDARD = "gnu++14";
				CLANG_CXX_LIBRARY = "libc++";
				CLANG_ENABLE_MODULES = YES;
				CLANG_ENABLE_OBJC_ARC = YES;
				CLANG_WARN_BLOCK_CAPTURE_AUTORELEASING = YES;
				CLANG_WARN_BOOL_CONVERSION = YES;
				CLANG_WARN_COMMA = YES;
				CLANG_WARN_CONSTANT_CONVERSION = YES;
				CLANG_WARN_DIRECT_OBJC_ISA_USAGE = YES_ERROR;
				CLANG_WARN_DOCUMENTATION_COMMENTS = YES;
				CLANG_WARN_EMPTY_BODY = YES;
				CLANG_WARN_ENUM_CONVERSION = YES;
				CLANG_WARN_INFINITE_RECURSION = YES;
				CLANG_WARN_INT_CONVERSION = YES;
				CLANG_WARN_NON_LITERAL_NULL_CONVERSION = YES;
				CLANG_WARN_OBJC_LITERAL_CONVERSION = YES;
				CLANG_WARN_OBJC_ROOT_CLASS = YES_ERROR;
				CLANG_WARN_RANGE_LOOP_ANALYSIS = YES;
				CLANG_WARN_STRICT_PROTOTYPES = YES;
				CLANG_WARN_SUSPICIOUS_MOVE = YES;
				CLANG_WARN_UNGUARDED_AVAILABILITY = YES_AGGRESSIVE;
				CLANG_WARN_UNREACHABLE_CODE = YES;
				CLANG_WARN__DUPLICATE_METHOD_MATCH = YES;
				CODE_SIGN_IDENTITY = "iPhone Developer";
				COPY_PHASE_STRIP = NO;
				DEBUG_INFORMATION_FORMAT = "dwarf-with-dsym";
				ENABLE_NS_ASSERTIONS = NO;
				ENABLE_STRICT_OBJC_MSGSEND = YES;
				GCC_C_LANGUAGE_STANDARD = gnu11;
				GCC_NO_COMMON_BLOCKS = YES;
				GCC_WARN_64_TO_32_BIT_CONVERSION = YES;
				GCC_WARN_ABOUT_RETURN_TYPE = YES_ERROR;
				GCC_WARN_UNDECLARED_SELECTOR = YES;
				GCC_WARN_UNINITIALIZED_AUTOS = YES_AGGRESSIVE;
				GCC_WARN_UNUSED_FUNCTION = YES;
				GCC_WARN_UNUSED_VARIABLE = YES;
				IPHONEOS_DEPLOYMENT_TARGET = 11.1;
				MTL_ENABLE_DEBUG_INFO = NO;
				SDKROOT = iphoneos;
				SWIFT_OPTIMIZATION_LEVEL = "-Owholemodule";
				VALIDATE_PRODUCT = YES;
			};
			name = Release;
		};
		FD1909E71FC2558000A26EC8 /* Debug */ = {
			isa = XCBuildConfiguration;
			buildSettings = {
				ASSETCATALOG_COMPILER_APPICON_NAME = AppIcon;
				CODE_SIGN_STYLE = Automatic;
				DEVELOPMENT_TEAM = J7V35W7ES8;
				FRAMEWORK_SEARCH_PATHS = (
					"$(inherited)",
					"$(PROJECT_DIR)/Carthage/Build/iOS",
				);
				INFOPLIST_FILE = "Mapbox-Search/Info.plist";
				LD_RUNPATH_SEARCH_PATHS = "$(inherited) @executable_path/Frameworks";
				PRODUCT_BUNDLE_IDENTIFIER = "epi.rational.ios.map-ui.Mapbox-Search";
				PRODUCT_NAME = "$(TARGET_NAME)";
				SWIFT_VERSION = 4.0;
				TARGETED_DEVICE_FAMILY = "1,2";
			};
			name = Debug;
		};
		FD1909E81FC2558000A26EC8 /* Release */ = {
			isa = XCBuildConfiguration;
			buildSettings = {
				ASSETCATALOG_COMPILER_APPICON_NAME = AppIcon;
				CODE_SIGN_STYLE = Automatic;
				DEVELOPMENT_TEAM = J7V35W7ES8;
				FRAMEWORK_SEARCH_PATHS = (
					"$(inherited)",
					"$(PROJECT_DIR)/Carthage/Build/iOS",
				);
				INFOPLIST_FILE = "Mapbox-Search/Info.plist";
				LD_RUNPATH_SEARCH_PATHS = "$(inherited) @executable_path/Frameworks";
				PRODUCT_BUNDLE_IDENTIFIER = "epi.rational.ios.map-ui.Mapbox-Search";
				PRODUCT_NAME = "$(TARGET_NAME)";
				SWIFT_VERSION = 4.0;
				TARGETED_DEVICE_FAMILY = "1,2";
			};
			name = Release;
		};
/* End XCBuildConfiguration section */

/* Begin XCConfigurationList section */
		FD1909CF1FC2558000A26EC8 /* Build configuration list for PBXProject "Mapbox-Search" */ = {
			isa = XCConfigurationList;
			buildConfigurations = (
				FD1909E41FC2558000A26EC8 /* Debug */,
				FD1909E51FC2558000A26EC8 /* Release */,
			);
			defaultConfigurationIsVisible = 0;
			defaultConfigurationName = Release;
		};
		FD1909E61FC2558000A26EC8 /* Build configuration list for PBXNativeTarget "Mapbox-Search" */ = {
			isa = XCConfigurationList;
			buildConfigurations = (
				FD1909E71FC2558000A26EC8 /* Debug */,
				FD1909E81FC2558000A26EC8 /* Release */,
			);
			defaultConfigurationIsVisible = 0;
			defaultConfigurationName = Release;
		};
/* End XCConfigurationList section */
	};
	rootObject = FD1909CC1FC2558000A26EC8 /* Project object */;
}
