{
  "object": {
    "pins": [
      {
        "package": "Turf",
        "repositoryURL": "https://github.com/mapbox/turf-swift.git",
        "state": {
          "branch": null,
          "revision": "985b4bdb7256c2f8adad10353b3338a466391469",
          "version": "0.5.0"
        }
      }
    ]
  },
  "version": 1
}
