{
  "object": {
    "pins": [
      {
        "package": "FloatingPanel",
        "repositoryURL": "https://github.com/SCENEE/FloatingPanel.git",
        "state": {
          "branch": null,
          "revision": "ca7596e1cae161415f54059a8c44b82c95724160",
          "version": "1.7.6"
        }
      },
      {
        "package": "Turf",
        "repositoryURL": "https://github.com/mapbox/turf-swift.git",
        "state": {
          "branch": null,
          "revision": "985b4bdb7256c2f8adad10353b3338a466391469",
          "version": "0.5.0"
        }
      }
    ]
  },
  "version": 1
}
