// !$*UTF8*$!
{
	archiveVersion = 1;
	classes = {
	};
	objectVersion = 48;
	objects = {

/* Begin PBXBuildFile section */
		FD602DBA1FC22DAD002DA06A /* AppDelegate.swift in Sources */ = {isa = PBXBuildFile; fileRef = FD602DB91FC22DAD002DA06A /* AppDelegate.swift */; };
		FD602DBC1FC22DAD002DA06A /* ViewController.swift in Sources */ = {isa = PBXBuildFile; fileRef = FD602DBB1FC22DAD002DA06A /* ViewController.swift */; };
		FD602DBF1FC22DAD002DA06A /* Main.storyboard in Resources */ = {isa = PBXBuildFile; fileRef = FD602DBD1FC22DAD002DA06A /* Main.storyboard */; };
		FD602DC11FC22DAD002DA06A /* Assets.xcassets in Resources */ = {isa = PBXBuildFile; fileRef = FD602DC01FC22DAD002DA06A /* Assets.xcassets */; };
		FD602DC41FC22DAD002DA06A /* LaunchScreen.storyboard in Resources */ = {isa = PBXBuildFile; fileRef = FD602DC21FC22DAD002DA06A /* LaunchScreen.storyboard */; };
		FD602DCC1FC236CA002DA06A /* Mapbox.framework in Frameworks */ = {isa = PBXBuildFile; fileRef = FD602DCB1FC236CA002DA06A /* Mapbox.framework */; };
/* End PBXBuildFile section */

/* Begin PBXFileReference section */
		FD602DB61FC22DAD002DA06A /* Mapbox-starter.app */ = {isa = PBXFileReference; explicitFileType = wrapper.application; includeInIndex = 0; path = "Mapbox-starter.app"; sourceTree = BUILT_PRODUCTS_DIR; };
		FD602DB91FC22DAD002DA06A /* AppDelegate.swift */ = {isa = PBXFileReference; lastKnownFileType = sourcecode.swift; path = AppDelegate.swift; sourceTree = "<group>"; };
		FD602DBB1FC22DAD002DA06A /* ViewController.swift */ = {isa = PBXFileReference; lastKnownFileType = sourcecode.swift; path = ViewController.swift; sourceTree = "<group>"; };
		FD602DBE1FC22DAD002DA06A /* Base */ = {isa = PBXFileReference; lastKnownFileType = file.storyboard; name = Base; path = Base.lproj/Main.storyboard; sourceTree = "<group>"; };
		FD602DC01FC22DAD002DA06A /* Assets.xcassets */ = {isa = PBXFileReference; lastKnownFileType = folder.assetcatalog; path = Assets.xcassets; sourceTree = "<group>"; };
		FD602DC31FC22DAD002DA06A /* Base */ = {isa = PBXFileReference; lastKnownFileType = file.storyboard; name = Base; path = Base.lproj/LaunchScreen.storyboard; sourceTree = "<group>"; };
		FD602DC51FC22DAD002DA06A /* Info.plist */ = {isa = PBXFileReference; lastKnownFileType = text.plist.xml; path = Info.plist; sourceTree = "<group>"; };
		FD602DCB1FC236CA002DA06A /* Mapbox.framework */ = {isa = PBXFileReference; lastKnownFileType = wrapper.framework; name = Mapbox.framework; path = Carthage/Build/iOS/Mapbox.framework; sourceTree = "<group>"; };
		FD9CD1911FC23D4F00B0D313 /* Cartfile */ = {isa = PBXFileReference; lastKnownFileType = text; path = Cartfile; sourceTree = "<group>"; };
/* End PBXFileReference section */

/* Begin PBXFrameworksBuildPhase section */
		FD602DB31FC22DAD002DA06A /* Frameworks */ = {
			isa = PBXFrameworksBuildPhase;
			buildActionMask = 2147483647;
			files = (
				FD602DCC1FC236CA002DA06A /* Mapbox.framework in Frameworks */,
			);
			runOnlyForDeploymentPostprocessing = 0;
		};
/* End PBXFrameworksBuildPhase section */

/* Begin PBXGroup section */
		FD602DAD1FC22DAD002DA06A = {
			isa = PBXGroup;
			children = (
				FD9CD1911FC23D4F00B0D313 /* Cartfile */,
				FD602DB81FC22DAD002DA06A /* starter */,
				FD602DB71FC22DAD002DA06A /* Products */,
				FD602DCE1FC2376D002DA06A /* Recovered References */,
			);
			sourceTree = "<group>";
		};
		FD602DB71FC22DAD002DA06A /* Products */ = {
			isa = PBXGroup;
			children = (
				FD602DB61FC22DAD002DA06A /* Mapbox-starter.app */,
			);
			name = Products;
			sourceTree = "<group>";
		};
		FD602DB81FC22DAD002DA06A /* starter */ = {
			isa = PBXGroup;
			children = (
				FD602DB91FC22DAD002DA06A /* AppDelegate.swift */,
				FD602DBB1FC22DAD002DA06A /* ViewController.swift */,
				FD602DBD1FC22DAD002DA06A /* Main.storyboard */,
				FD602DC01FC22DAD002DA06A /* Assets.xcassets */,
				FD602DC21FC22DAD002DA06A /* LaunchScreen.storyboard */,
				FD602DC51FC22DAD002DA06A /* Info.plist */,
			);
			path = starter;
			sourceTree = "<group>";
		};
		FD602DCE1FC2376D002DA06A /* Recovered References */ = {
			isa = PBXGroup;
			children = (
				FD602DCB1FC236CA002DA06A /* Mapbox.framework */,
			);
			name = "Recovered References";
			sourceTree = "<group>";
		};
/* End PBXGroup section */

/* Begin PBXNativeTarget section */
		FD602DB51FC22DAD002DA06A /* Mapbox-starter */ = {
			isa = PBXNativeTarget;
			buildConfigurationList = FD602DC81FC22DAD002DA06A /* Build configuration list for PBXNativeTarget "Mapbox-starter" */;
			buildPhases = (
				FD602DB21FC22DAD002DA06A /* Sources */,
				FD602DB31FC22DAD002DA06A /* Frameworks */,
				FD602DB41FC22DAD002DA06A /* Resources */,
				FD602DCD1FC236EA002DA06A /* ShellScript */,
			);
			buildRules = (
			);
			dependencies = (
			);
			name = "Mapbox-starter";
			productName = starter;
			productReference = FD602DB61FC22DAD002DA06A /* Mapbox-starter.app */;
			productType = "com.apple.product-type.application";
		};
/* End PBXNativeTarget section */

/* Begin PBXProject section */
		FD602DAE1FC22DAD002DA06A /* Project object */ = {
			isa = PBXProject;
			attributes = {
				LastSwiftUpdateCheck = 0910;
				LastUpgradeCheck = 0910;
				ORGANIZATIONNAME = "ePi Rational, Inc.";
				TargetAttributes = {
					FD602DB51FC22DAD002DA06A = {
						CreatedOnToolsVersion = 9.1;
						ProvisioningStyle = Automatic;
					};
				};
			};
			buildConfigurationList = FD602DB11FC22DAD002DA06A /* Build configuration list for PBXProject "Mapbox-starter" */;
			compatibilityVersion = "Xcode 8.0";
			developmentRegion = en;
			hasScannedForEncodings = 0;
			knownRegions = (
				en,
				Base,
			);
			mainGroup = FD602DAD1FC22DAD002DA06A;
			productRefGroup = FD602DB71FC22DAD002DA06A /* Products */;
			projectDirPath = "";
			projectRoot = "";
			targets = (
				FD602DB51FC22DAD002DA06A /* Mapbox-starter */,
			);
		};
/* End PBXProject section */

/* Begin PBXResourcesBuildPhase section */
		FD602DB41FC22DAD002DA06A /* Resources */ = {
			isa = PBXResourcesBuildPhase;
			buildActionMask = 2147483647;
			files = (
				FD602DC41FC22DAD002DA06A /* LaunchScreen.storyboard in Resources */,
				FD602DC11FC22DAD002DA06A /* Assets.xcassets in Resources */,
				FD602DBF1FC22DAD002DA06A /* Main.storyboard in Resources */,
			);
			runOnlyForDeploymentPostprocessing = 0;
		};
/* End PBXResourcesBuildPhase section */

/* Begin PBXShellScriptBuildPhase section */
		FD602DCD1FC236EA002DA06A /* ShellScript */ = {
			isa = PBXShellScriptBuildPhase;
			buildActionMask = 2147483647;
			files = (
			);
			inputPaths = (
				"$(SRCROOT)/Carthage/Build/iOS/Mapbox.framework",
			);
			outputPaths = (
			);
			runOnlyForDeploymentPostprocessing = 0;
			shellPath = /bin/sh;
			shellScript = "/usr/local/bin/carthage copy-frameworks";
		};
/* End PBXShellScriptBuildPhase section */

/* Begin PBXSourcesBuildPhase section */
		FD602DB21FC22DAD002DA06A /* Sources */ = {
			isa = PBXSourcesBuildPhase;
			buildActionMask = 2147483647;
			files = (
				FD602DBC1FC22DAD002DA06A /* ViewController.swift in Sources */,
				FD602DBA1FC22DAD002DA06A /* AppDelegate.swift in Sources */,
			);
			runOnlyForDeploymentPostprocessing = 0;
		};
/* End PBXSourcesBuildPhase section */

/* Begin PBXVariantGroup section */
		FD602DBD1FC22DAD002DA06A /* Main.storyboard */ = {
			isa = PBXVariantGroup;
			children = (
				FD602DBE1FC22DAD002DA06A /* Base */,
			);
			name = Main.storyboard;
			sourceTree = "<group>";
		};
		FD602DC21FC22DAD002DA06A /* LaunchScreen.storyboard */ = {
			isa = PBXVariantGroup;
			children = (
				FD602DC31FC22DAD002DA06A /* Base */,
			);
			name = LaunchScreen.storyboard;
			sourceTree = "<group>";
		};
/* End PBXVariantGroup section */

/* Begin XCBuildConfiguration section */
		FD602DC61FC22DAD002DA06A /* Debug */ = {
			isa = XCBuildConfiguration;
			buildSettings = {
				ALWAYS_SEARCH_USER_PATHS = NO;
				CLANG_ANALYZER_NONNULL = YES;
				CLANG_ANALYZER_NUMBER_OBJECT_CONVERSION = YES_AGGRESSIVE;
				CLANG_CXX_LANGUAGE_STANDARD = "gnu++14";
				CLANG_CXX_LIBRARY = "libc++";
				CLANG_ENABLE_MODULES = YES;
				CLANG_ENABLE_OBJC_ARC = YES;
				CLANG_WARN_BLOCK_CAPTURE_AUTORELEASING = YES;
				CLANG_WARN_BOOL_CONVERSION = YES;
				CLANG_WARN_COMMA = YES;
				CLANG_WARN_CONSTANT_CONVERSION = YES;
				CLANG_WARN_DIRECT_OBJC_ISA_USAGE = YES_ERROR;
				CLANG_WARN_DOCUMENTATION_COMMENTS = YES;
				CLANG_WARN_EMPTY_BODY = YES;
				CLANG_WARN_ENUM_CONVERSION = YES;
				CLANG_WARN_INFINITE_RECURSION = YES;
				CLANG_WARN_INT_CONVERSION = YES;
				CLANG_WARN_NON_LITERAL_NULL_CONVERSION = YES;
				CLANG_WARN_OBJC_LITERAL_CONVERSION = YES;
				CLANG_WARN_OBJC_ROOT_CLASS = YES_ERROR;
				CLANG_WARN_RANGE_LOOP_ANALYSIS = YES;
				CLANG_WARN_STRICT_PROTOTYPES = YES;
				CLANG_WARN_SUSPICIOUS_MOVE = YES;
				CLANG_WARN_UNGUARDED_AVAILABILITY = YES_AGGRESSIVE;
				CLANG_WARN_UNREACHABLE_CODE = YES;
				CLANG_WARN__DUPLICATE_METHOD_MATCH = YES;
				CODE_SIGN_IDENTITY = "iPhone Developer";
				COPY_PHASE_STRIP = NO;
				DEBUG_INFORMATION_FORMAT = dwarf;
				ENABLE_STRICT_OBJC_MSGSEND = YES;
				ENABLE_TESTABILITY = YES;
				GCC_C_LANGUAGE_STANDARD = gnu11;
				GCC_DYNAMIC_NO_PIC = NO;
				GCC_NO_COMMON_BLOCKS = YES;
				GCC_OPTIMIZATION_LEVEL = 0;
				GCC_PREPROCESSOR_DEFINITIONS = (
					"DEBUG=1",
					"$(inherited)",
				);
				GCC_WARN_64_TO_32_BIT_CONVERSION = YES;
				GCC_WARN_ABOUT_RETURN_TYPE = YES_ERROR;
				GCC_WARN_UNDECLARED_SELECTOR = YES;
				GCC_WARN_UNINITIALIZED_AUTOS = YES_AGGRESSIVE;
				GCC_WARN_UNUSED_FUNCTION = YES;
				GCC_WARN_UNUSED_VARIABLE = YES;
				IPHONEOS_DEPLOYMENT_TARGET = 11.1;
				MTL_ENABLE_DEBUG_INFO = YES;
				ONLY_ACTIVE_ARCH = YES;
				SDKROOT = iphoneos;
				SWIFT_ACTIVE_COMPILATION_CONDITIONS = DEBUG;
				SWIFT_OPTIMIZATION_LEVEL = "-Onone";
			};
			name = Debug;
		};
		FD602DC71FC22DAD002DA06A /* Release */ = {
			isa = XCBuildConfiguration;
			buildSettings = {
				ALWAYS_SEARCH_USER_PATHS = NO;
				CLANG_ANALYZER_NONNULL = YES;
				CLANG_ANALYZER_NUMBER_OBJECT_CONVERSION = YES_AGGRESSIVE;
				CLANG_CXX_LANGUAGE_STANDARD = "gnu++14";
				CLANG_CXX_LIBRARY = "libc++";
				CLANG_ENABLE_MODULES = YES;
				CLANG_ENABLE_OBJC_ARC = YES;
				CLANG_WARN_BLOCK_CAPTURE_AUTORELEASING = YES;
				CLANG_WARN_BOOL_CONVERSION = YES;
				CLANG_WARN_COMMA = YES;
				CLANG_WARN_CONSTANT_CONVERSION = YES;
				CLANG_WARN_DIRECT_OBJC_ISA_USAGE = YES_ERROR;
				CLANG_WARN_DOCUMENTATION_COMMENTS = YES;
				CLANG_WARN_EMPTY_BODY = YES;
				CLANG_WARN_ENUM_CONVERSION = YES;
				CLANG_WARN_INFINITE_RECURSION = YES;
				CLANG_WARN_INT_CONVERSION = YES;
				CLANG_WARN_NON_LITERAL_NULL_CONVERSION = YES;
				CLANG_WARN_OBJC_LITERAL_CONVERSION = YES;
				CLANG_WARN_OBJC_ROOT_CLASS = YES_ERROR;
				CLANG_WARN_RANGE_LOOP_ANALYSIS = YES;
				CLANG_WARN_STRICT_PROTOTYPES = YES;
				CLANG_WARN_SUSPICIOUS_MOVE = YES;
				CLANG_WARN_UNGUARDED_AVAILABILITY = YES_AGGRESSIVE;
				CLANG_WARN_UNREACHABLE_CODE = YES;
				CLANG_WARN__DUPLICATE_METHOD_MATCH = YES;
				CODE_SIGN_IDENTITY = "iPhone Developer";
				COPY_PHASE_STRIP = NO;
				DEBUG_INFORMATION_FORMAT = "dwarf-with-dsym";
				ENABLE_NS_ASSERTIONS = NO;
				ENABLE_STRICT_OBJC_MSGSEND = YES;
				GCC_C_LANGUAGE_STANDARD = gnu11;
				GCC_NO_COMMON_BLOCKS = YES;
				GCC_WARN_64_TO_32_BIT_CONVERSION = YES;
				GCC_WARN_ABOUT_RETURN_TYPE = YES_ERROR;
				GCC_WARN_UNDECLARED_SELECTOR = YES;
				GCC_WARN_UNINITIALIZED_AUTOS = YES_AGGRESSIVE;
				GCC_WARN_UNUSED_FUNCTION = YES;
				GCC_WARN_UNUSED_VARIABLE = YES;
				IPHONEOS_DEPLOYMENT_TARGET = 11.1;
				MTL_ENABLE_DEBUG_INFO = NO;
				SDKROOT = iphoneos;
				SWIFT_OPTIMIZATION_LEVEL = "-Owholemodule";
				VALIDATE_PRODUCT = YES;
			};
			name = Release;
		};
		FD602DC91FC22DAD002DA06A /* Debug */ = {
			isa = XCBuildConfiguration;
			buildSettings = {
				ASSETCATALOG_COMPILER_APPICON_NAME = AppIcon;
				CODE_SIGN_STYLE = Automatic;
				DEVELOPMENT_TEAM = "";
				FRAMEWORK_SEARCH_PATHS = (
					"$(inherited)",
					"$(PROJECT_DIR)/Carthage/Build/iOS",
				);
				INFOPLIST_FILE = starter/Info.plist;
				LD_RUNPATH_SEARCH_PATHS = "$(inherited) @executable_path/Frameworks";
				PRODUCT_BUNDLE_IDENTIFIER = "epi.rational.ios.map-ui.starter";
				PRODUCT_NAME = "$(TARGET_NAME)";
				SWIFT_VERSION = 4.0;
				TARGETED_DEVICE_FAMILY = "1,2";
			};
			name = Debug;
		};
		FD602DCA1FC22DAD002DA06A /* Release */ = {
			isa = XCBuildConfiguration;
			buildSettings = {
				ASSETCATALOG_COMPILER_APPICON_NAME = AppIcon;
				CODE_SIGN_STYLE = Automatic;
				DEVELOPMENT_TEAM = "";
				FRAMEWORK_SEARCH_PATHS = (
					"$(inherited)",
					"$(PROJECT_DIR)/Carthage/Build/iOS",
				);
				INFOPLIST_FILE = starter/Info.plist;
				LD_RUNPATH_SEARCH_PATHS = "$(inherited) @executable_path/Frameworks";
				PRODUCT_BUNDLE_IDENTIFIER = "epi.rational.ios.map-ui.starter";
				PRODUCT_NAME = "$(TARGET_NAME)";
				SWIFT_VERSION = 4.0;
				TARGETED_DEVICE_FAMILY = "1,2";
			};
			name = Release;
		};
/* End XCBuildConfiguration section */

/* Begin XCConfigurationList section */
		FD602DB11FC22DAD002DA06A /* Build configuration list for PBXProject "Mapbox-starter" */ = {
			isa = XCConfigurationList;
			buildConfigurations = (
				FD602DC61FC22DAD002DA06A /* Debug */,
				FD602DC71FC22DAD002DA06A /* Release */,
			);
			defaultConfigurationIsVisible = 0;
			defaultConfigurationName = Release;
		};
		FD602DC81FC22DAD002DA06A /* Build configuration list for PBXNativeTarget "Mapbox-starter" */ = {
			isa = XCConfigurationList;
			buildConfigurations = (
				FD602DC91FC22DAD002DA06A /* Debug */,
				FD602DCA1FC22DAD002DA06A /* Release */,
			);
			defaultConfigurationIsVisible = 0;
			defaultConfigurationName = Release;
		};
/* End XCConfigurationList section */
	};
	rootObject = FD602DAE1FC22DAD002DA06A /* Project object */;
}
