// !$*UTF8*$!
{
	archiveVersion = 1;
	classes = {
	};
	objectVersion = 48;
	objects = {

/* Begin PBXBuildFile section */
		CF4EF28623172653006E6B65 /* PlaceAnnotation.swift in Sources */ = {isa = PBXBuildFile; fileRef = CF4EF26623172652006E6B65 /* PlaceAnnotation.swift */; };
		CF4EF28723172653006E6B65 /* CategoryCollectionViewCell.swift in Sources */ = {isa = PBXBuildFile; fileRef = CF4EF26723172652006E6B65 /* CategoryCollectionViewCell.swift */; };
		CF4EF28823172653006E6B65 /* MapModelController.swift in Sources */ = {isa = PBXBuildFile; fileRef = CF4EF26823172652006E6B65 /* MapModelController.swift */; };
		CF4EF28923172653006E6B65 /* PlaceTableViewCell.swift in Sources */ = {isa = PBXBuildFile; fileRef = CF4EF26923172652006E6B65 /* PlaceTableViewCell.swift */; };
		CF4EF28A23172653006E6B65 /* SearchPanelController.swift in Sources */ = {isa = PBXBuildFile; fileRef = CF4EF26A23172652006E6B65 /* SearchPanelController.swift */; };
		CF4EF28B23172653006E6B65 /* SearchPanelLayout.swift in Sources */ = {isa = PBXBuildFile; fileRef = CF4EF26B23172652006E6B65 /* SearchPanelLayout.swift */; };
		CF4EF28C23172653006E6B65 /* PlaceAnnotationView.swift in Sources */ = {isa = PBXBuildFile; fileRef = CF4EF26C23172652006E6B65 /* PlaceAnnotationView.swift */; };
		CF4EF28D23172653006E6B65 /* SettingsPanelLayout.swift in Sources */ = {isa = PBXBuildFile; fileRef = CF4EF26D23172652006E6B65 /* SettingsPanelLayout.swift */; };
		CF4EF28E23172653006E6B65 /* SettingsPanelController.swift in Sources */ = {isa = PBXBuildFile; fileRef = CF4EF26E23172652006E6B65 /* SettingsPanelController.swift */; };
		CF4EF28F23172653006E6B65 /* MapViewModel.swift in Sources */ = {isa = PBXBuildFile; fileRef = CF4EF26F23172652006E6B65 /* MapViewModel.swift */; };
		CF4EF29023172653006E6B65 /* GPSButton.swift in Sources */ = {isa = PBXBuildFile; fileRef = CF4EF27023172652006E6B65 /* GPSButton.swift */; };
		CF4EF29123172653006E6B65 /* PanelInset.swift in Sources */ = {isa = PBXBuildFile; fileRef = CF4EF27123172652006E6B65 /* PanelInset.swift */; };
		CF4EF29223172653006E6B65 /* DataService.swift in Sources */ = {isa = PBXBuildFile; fileRef = CF4EF27323172652006E6B65 /* DataService.swift */; };
		CF4EF29323172653006E6B65 /* Default.swift in Sources */ = {isa = PBXBuildFile; fileRef = CF4EF27423172652006E6B65 /* Default.swift */; };
		CF4EF29423172653006E6B65 /* points.geojson in Resources */ = {isa = PBXBuildFile; fileRef = CF4EF27523172652006E6B65 /* points.geojson */; };
		CF4EF29523172653006E6B65 /* MapStyleCollection.swift in Sources */ = {isa = PBXBuildFile; fileRef = CF4EF27623172652006E6B65 /* MapStyleCollection.swift */; };
		CF4EF29623172653006E6B65 /* SerializationError.swift in Sources */ = {isa = PBXBuildFile; fileRef = CF4EF27723172652006E6B65 /* SerializationError.swift */; };
		CF4EF29723172653006E6B65 /* Extensions.swift in Sources */ = {isa = PBXBuildFile; fileRef = CF4EF27823172652006E6B65 /* Extensions.swift */; };
		CF4EF29823172653006E6B65 /* AppleColor.swift in Sources */ = {isa = PBXBuildFile; fileRef = CF4EF27923172652006E6B65 /* AppleColor.swift */; };
		CF4EF29923172653006E6B65 /* LocationManager.swift in Sources */ = {isa = PBXBuildFile; fileRef = CF4EF27A23172652006E6B65 /* LocationManager.swift */; };
		CF4EF29A23172653006E6B65 /* MapError.swift in Sources */ = {isa = PBXBuildFile; fileRef = CF4EF27B23172652006E6B65 /* MapError.swift */; };
		CF4EF29B23172653006E6B65 /* Location.swift in Sources */ = {isa = PBXBuildFile; fileRef = CF4EF27D23172653006E6B65 /* Location.swift */; };
		CF4EF29C23172653006E6B65 /* Place.swift in Sources */ = {isa = PBXBuildFile; fileRef = CF4EF27E23172653006E6B65 /* Place.swift */; };
		CF4EF29D23172653006E6B65 /* PlaceCategory+Service.swift in Sources */ = {isa = PBXBuildFile; fileRef = CF4EF27F23172653006E6B65 /* PlaceCategory+Service.swift */; };
		CF4EF29E23172653006E6B65 /* MapStyle.swift in Sources */ = {isa = PBXBuildFile; fileRef = CF4EF28023172653006E6B65 /* MapStyle.swift */; };
		CF4EF29F23172653006E6B65 /* Location+Service.swift in Sources */ = {isa = PBXBuildFile; fileRef = CF4EF28123172653006E6B65 /* Location+Service.swift */; };
		CF4EF2A023172653006E6B65 /* File.swift in Sources */ = {isa = PBXBuildFile; fileRef = CF4EF28223172653006E6B65 /* File.swift */; };
		CF4EF2A123172653006E6B65 /* PlaceCategory.swift in Sources */ = {isa = PBXBuildFile; fileRef = CF4EF28323172653006E6B65 /* PlaceCategory.swift */; };
		CF4EF2A223172653006E6B65 /* Map.swift in Sources */ = {isa = PBXBuildFile; fileRef = CF4EF28423172653006E6B65 /* Map.swift */; };
		CF4EF2A323172653006E6B65 /* MapBoundaries.swift in Sources */ = {isa = PBXBuildFile; fileRef = CF4EF28523172653006E6B65 /* MapBoundaries.swift */; };
		CF4EF2A523172840006E6B65 /* FloatingPanel.framework in Frameworks */ = {isa = PBXBuildFile; fileRef = CF4EF2A423172840006E6B65 /* FloatingPanel.framework */; };
		FD602DBA1FC22DAD002DA06A /* AppDelegate.swift in Sources */ = {isa = PBXBuildFile; fileRef = FD602DB91FC22DAD002DA06A /* AppDelegate.swift */; };
		FD602DC11FC22DAD002DA06A /* Assets.xcassets in Resources */ = {isa = PBXBuildFile; fileRef = FD602DC01FC22DAD002DA06A /* Assets.xcassets */; };
		FD602DC41FC22DAD002DA06A /* LaunchScreen.storyboard in Resources */ = {isa = PBXBuildFile; fileRef = FD602DC21FC22DAD002DA06A /* LaunchScreen.storyboard */; };
		FD602DCC1FC236CA002DA06A /* Mapbox.framework in Frameworks */ = {isa = PBXBuildFile; fileRef = FD602DCB1FC236CA002DA06A /* Mapbox.framework */; };
/* End PBXBuildFile section */

/* Begin PBXFileReference section */
		CF4EF26623172652006E6B65 /* PlaceAnnotation.swift */ = {isa = PBXFileReference; fileEncoding = 4; lastKnownFileType = sourcecode.swift; path = PlaceAnnotation.swift; sourceTree = "<group>"; };
		CF4EF26723172652006E6B65 /* CategoryCollectionViewCell.swift */ = {isa = PBXFileReference; fileEncoding = 4; lastKnownFileType = sourcecode.swift; path = CategoryCollectionViewCell.swift; sourceTree = "<group>"; };
		CF4EF26823172652006E6B65 /* MapModelController.swift */ = {isa = PBXFileReference; fileEncoding = 4; lastKnownFileType = sourcecode.swift; path = MapModelController.swift; sourceTree = "<group>"; };
		CF4EF26923172652006E6B65 /* PlaceTableViewCell.swift */ = {isa = PBXFileReference; fileEncoding = 4; lastKnownFileType = sourcecode.swift; path = PlaceTableViewCell.swift; sourceTree = "<group>"; };
		CF4EF26A23172652006E6B65 /* SearchPanelController.swift */ = {isa = PBXFileReference; fileEncoding = 4; lastKnownFileType = sourcecode.swift; path = SearchPanelController.swift; sourceTree = "<group>"; };
		CF4EF26B23172652006E6B65 /* SearchPanelLayout.swift */ = {isa = PBXFileReference; fileEncoding = 4; lastKnownFileType = sourcecode.swift; path = SearchPanelLayout.swift; sourceTree = "<group>"; };
		CF4EF26C23172652006E6B65 /* PlaceAnnotationView.swift */ = {isa = PBXFileReference; fileEncoding = 4; lastKnownFileType = sourcecode.swift; path = PlaceAnnotationView.swift; sourceTree = "<group>"; };
		CF4EF26D23172652006E6B65 /* SettingsPanelLayout.swift */ = {isa = PBXFileReference; fileEncoding = 4; lastKnownFileType = sourcecode.swift; path = SettingsPanelLayout.swift; sourceTree = "<group>"; };
		CF4EF26E23172652006E6B65 /* SettingsPanelController.swift */ = {isa = PBXFileReference; fileEncoding = 4; lastKnownFileType = sourcecode.swift; path = SettingsPanelController.swift; sourceTree = "<group>"; };
		CF4EF26F23172652006E6B65 /* MapViewModel.swift */ = {isa = PBXFileReference; fileEncoding = 4; lastKnownFileType = sourcecode.swift; path = MapViewModel.swift; sourceTree = "<group>"; };
		CF4EF27023172652006E6B65 /* GPSButton.swift */ = {isa = PBXFileReference; fileEncoding = 4; lastKnownFileType = sourcecode.swift; path = GPSButton.swift; sourceTree = "<group>"; };
		CF4EF27123172652006E6B65 /* PanelInset.swift */ = {isa = PBXFileReference; fileEncoding = 4; lastKnownFileType = sourcecode.swift; path = PanelInset.swift; sourceTree = "<group>"; };
		CF4EF27323172652006E6B65 /* DataService.swift */ = {isa = PBXFileReference; fileEncoding = 4; lastKnownFileType = sourcecode.swift; path = DataService.swift; sourceTree = "<group>"; };
		CF4EF27423172652006E6B65 /* Default.swift */ = {isa = PBXFileReference; fileEncoding = 4; lastKnownFileType = sourcecode.swift; path = Default.swift; sourceTree = "<group>"; };
		CF4EF27523172652006E6B65 /* points.geojson */ = {isa = PBXFileReference; fileEncoding = 4; lastKnownFileType = text; path = points.geojson; sourceTree = "<group>"; };
		CF4EF27623172652006E6B65 /* MapStyleCollection.swift */ = {isa = PBXFileReference; fileEncoding = 4; lastKnownFileType = sourcecode.swift; path = MapStyleCollection.swift; sourceTree = "<group>"; };
		CF4EF27723172652006E6B65 /* SerializationError.swift */ = {isa = PBXFileReference; fileEncoding = 4; lastKnownFileType = sourcecode.swift; path = SerializationError.swift; sourceTree = "<group>"; };
		CF4EF27823172652006E6B65 /* Extensions.swift */ = {isa = PBXFileReference; fileEncoding = 4; lastKnownFileType = sourcecode.swift; path = Extensions.swift; sourceTree = "<group>"; };
		CF4EF27923172652006E6B65 /* AppleColor.swift */ = {isa = PBXFileReference; fileEncoding = 4; lastKnownFileType = sourcecode.swift; path = AppleColor.swift; sourceTree = "<group>"; };
		CF4EF27A23172652006E6B65 /* LocationManager.swift */ = {isa = PBXFileReference; fileEncoding = 4; lastKnownFileType = sourcecode.swift; path = LocationManager.swift; sourceTree = "<group>"; };
		CF4EF27B23172652006E6B65 /* MapError.swift */ = {isa = PBXFileReference; fileEncoding = 4; lastKnownFileType = sourcecode.swift; path = MapError.swift; sourceTree = "<group>"; };
		CF4EF27D23172653006E6B65 /* Location.swift */ = {isa = PBXFileReference; fileEncoding = 4; lastKnownFileType = sourcecode.swift; path = Location.swift; sourceTree = "<group>"; };
		CF4EF27E23172653006E6B65 /* Place.swift */ = {isa = PBXFileReference; fileEncoding = 4; lastKnownFileType = sourcecode.swift; path = Place.swift; sourceTree = "<group>"; };
		CF4EF27F23172653006E6B65 /* PlaceCategory+Service.swift */ = {isa = PBXFileReference; fileEncoding = 4; lastKnownFileType = sourcecode.swift; path = "PlaceCategory+Service.swift"; sourceTree = "<group>"; };
		CF4EF28023172653006E6B65 /* MapStyle.swift */ = {isa = PBXFileReference; fileEncoding = 4; lastKnownFileType = sourcecode.swift; path = MapStyle.swift; sourceTree = "<group>"; };
		CF4EF28123172653006E6B65 /* Location+Service.swift */ = {isa = PBXFileReference; fileEncoding = 4; lastKnownFileType = sourcecode.swift; path = "Location+Service.swift"; sourceTree = "<group>"; };
		CF4EF28223172653006E6B65 /* File.swift */ = {isa = PBXFileReference; fileEncoding = 4; lastKnownFileType = sourcecode.swift; path = File.swift; sourceTree = "<group>"; };
		CF4EF28323172653006E6B65 /* PlaceCategory.swift */ = {isa = PBXFileReference; fileEncoding = 4; lastKnownFileType = sourcecode.swift; path = PlaceCategory.swift; sourceTree = "<group>"; };
		CF4EF28423172653006E6B65 /* Map.swift */ = {isa = PBXFileReference; fileEncoding = 4; lastKnownFileType = sourcecode.swift; path = Map.swift; sourceTree = "<group>"; };
		CF4EF28523172653006E6B65 /* MapBoundaries.swift */ = {isa = PBXFileReference; fileEncoding = 4; lastKnownFileType = sourcecode.swift; path = MapBoundaries.swift; sourceTree = "<group>"; };
		CF4EF2A423172840006E6B65 /* FloatingPanel.framework */ = {isa = PBXFileReference; lastKnownFileType = wrapper.framework; name = FloatingPanel.framework; path = Carthage/Build/iOS/FloatingPanel.framework; sourceTree = "<group>"; };
		FD602DB61FC22DAD002DA06A /* Mapbox-starter.app */ = {isa = PBXFileReference; explicitFileType = wrapper.application; includeInIndex = 0; path = "Mapbox-starter.app"; sourceTree = BUILT_PRODUCTS_DIR; };
		FD602DB91FC22DAD002DA06A /* AppDelegate.swift */ = {isa = PBXFileReference; lastKnownFileType = sourcecode.swift; path = AppDelegate.swift; sourceTree = "<group>"; };
		FD602DC01FC22DAD002DA06A /* Assets.xcassets */ = {isa = PBXFileReference; lastKnownFileType = folder.assetcatalog; path = Assets.xcassets; sourceTree = "<group>"; };
		FD602DC31FC22DAD002DA06A /* Base */ = {isa = PBXFileReference; lastKnownFileType = file.storyboard; name = Base; path = Base.lproj/LaunchScreen.storyboard; sourceTree = "<group>"; };
		FD602DC51FC22DAD002DA06A /* Info.plist */ = {isa = PBXFileReference; lastKnownFileType = text.plist.xml; path = Info.plist; sourceTree = "<group>"; };
		FD602DCB1FC236CA002DA06A /* Mapbox.framework */ = {isa = PBXFileReference; lastKnownFileType = wrapper.framework; name = Mapbox.framework; path = Carthage/Build/iOS/Mapbox.framework; sourceTree = "<group>"; };
		FD9CD1911FC23D4F00B0D313 /* Cartfile */ = {isa = PBXFileReference; lastKnownFileType = text; path = Cartfile; sourceTree = "<group>"; };
/* End PBXFileReference section */

/* Begin PBXFrameworksBuildPhase section */
		FD602DB31FC22DAD002DA06A /* Frameworks */ = {
			isa = PBXFrameworksBuildPhase;
			buildActionMask = 2147483647;
			files = (
				FD602DCC1FC236CA002DA06A /* Mapbox.framework in Frameworks */,
				CF4EF2A523172840006E6B65 /* FloatingPanel.framework in Frameworks */,
			);
			runOnlyForDeploymentPostprocessing = 0;
		};
/* End PBXFrameworksBuildPhase section */

/* Begin PBXGroup section */
		CF4EF26523172652006E6B65 /* View */ = {
			isa = PBXGroup;
			children = (
				CF4EF26623172652006E6B65 /* PlaceAnnotation.swift */,
				CF4EF26723172652006E6B65 /* CategoryCollectionViewCell.swift */,
				CF4EF26823172652006E6B65 /* MapModelController.swift */,
				CF4EF26923172652006E6B65 /* PlaceTableViewCell.swift */,
				CF4EF26A23172652006E6B65 /* SearchPanelController.swift */,
				CF4EF26B23172652006E6B65 /* SearchPanelLayout.swift */,
				CF4EF26C23172652006E6B65 /* PlaceAnnotationView.swift */,
				CF4EF26D23172652006E6B65 /* SettingsPanelLayout.swift */,
				CF4EF26E23172652006E6B65 /* SettingsPanelController.swift */,
				CF4EF26F23172652006E6B65 /* MapViewModel.swift */,
				CF4EF27023172652006E6B65 /* GPSButton.swift */,
				CF4EF27123172652006E6B65 /* PanelInset.swift */,
			);
			path = View;
			sourceTree = "<group>";
		};
		CF4EF27223172652006E6B65 /* Resource */ = {
			isa = PBXGroup;
			children = (
				CF4EF27323172652006E6B65 /* DataService.swift */,
				CF4EF27423172652006E6B65 /* Default.swift */,
				CF4EF27523172652006E6B65 /* points.geojson */,
				CF4EF27623172652006E6B65 /* MapStyleCollection.swift */,
				CF4EF27723172652006E6B65 /* SerializationError.swift */,
				CF4EF27823172652006E6B65 /* Extensions.swift */,
				CF4EF27923172652006E6B65 /* AppleColor.swift */,
				CF4EF27A23172652006E6B65 /* LocationManager.swift */,
				CF4EF27B23172652006E6B65 /* MapError.swift */,
			);
			path = Resource;
			sourceTree = "<group>";
		};
		CF4EF27C23172653006E6B65 /* Model */ = {
			isa = PBXGroup;
			children = (
				CF4EF27D23172653006E6B65 /* Location.swift */,
				CF4EF27E23172653006E6B65 /* Place.swift */,
				CF4EF27F23172653006E6B65 /* PlaceCategory+Service.swift */,
				CF4EF28023172653006E6B65 /* MapStyle.swift */,
				CF4EF28123172653006E6B65 /* Location+Service.swift */,
				CF4EF28223172653006E6B65 /* File.swift */,
				CF4EF28323172653006E6B65 /* PlaceCategory.swift */,
				CF4EF28423172653006E6B65 /* Map.swift */,
				CF4EF28523172653006E6B65 /* MapBoundaries.swift */,
			);
			path = Model;
			sourceTree = "<group>";
		};
		FD602DAD1FC22DAD002DA06A = {
			isa = PBXGroup;
			children = (
				FD9CD1911FC23D4F00B0D313 /* Cartfile */,
				FD602DB81FC22DAD002DA06A /* starter */,
				FD602DB71FC22DAD002DA06A /* Products */,
				FD602DCE1FC2376D002DA06A /* Recovered References */,
			);
			sourceTree = "<group>";
		};
		FD602DB71FC22DAD002DA06A /* Products */ = {
			isa = PBXGroup;
			children = (
				FD602DB61FC22DAD002DA06A /* Mapbox-starter.app */,
			);
			name = Products;
			sourceTree = "<group>";
		};
		FD602DB81FC22DAD002DA06A /* starter */ = {
			isa = PBXGroup;
			children = (
				FD602DB91FC22DAD002DA06A /* AppDelegate.swift */,
				CF4EF27C23172653006E6B65 /* Model */,
				CF4EF27223172652006E6B65 /* Resource */,
				CF4EF26523172652006E6B65 /* View */,
				FD602DC01FC22DAD002DA06A /* Assets.xcassets */,
				FD602DC21FC22DAD002DA06A /* LaunchScreen.storyboard */,
				FD602DC51FC22DAD002DA06A /* Info.plist */,
			);
			path = starter;
			sourceTree = "<group>";
		};
		FD602DCE1FC2376D002DA06A /* Recovered References */ = {
			isa = PBXGroup;
			children = (
				CF4EF2A423172840006E6B65 /* FloatingPanel.framework */,
				FD602DCB1FC236CA002DA06A /* Mapbox.framework */,
			);
			name = "Recovered References";
			sourceTree = "<group>";
		};
/* End PBXGroup section */

/* Begin PBXNativeTarget section */
		FD602DB51FC22DAD002DA06A /* Mapbox-starter */ = {
			isa = PBXNativeTarget;
			buildConfigurationList = FD602DC81FC22DAD002DA06A /* Build configuration list for PBXNativeTarget "Mapbox-starter" */;
			buildPhases = (
				FD602DB21FC22DAD002DA06A /* Sources */,
				FD602DB31FC22DAD002DA06A /* Frameworks */,
				FD602DB41FC22DAD002DA06A /* Resources */,
				FD602DCD1FC236EA002DA06A /* ShellScript */,
			);
			buildRules = (
			);
			dependencies = (
			);
			name = "Mapbox-starter";
			productName = starter;
			productReference = FD602DB61FC22DAD002DA06A /* Mapbox-starter.app */;
			productType = "com.apple.product-type.application";
		};
/* End PBXNativeTarget section */

/* Begin PBXProject section */
		FD602DAE1FC22DAD002DA06A /* Project object */ = {
			isa = PBXProject;
			attributes = {
				LastSwiftUpdateCheck = 0910;
				LastUpgradeCheck = 1030;
				ORGANIZATIONNAME = "ePi Rational, Inc.";
				TargetAttributes = {
					FD602DB51FC22DAD002DA06A = {
						CreatedOnToolsVersion = 9.1;
						LastSwiftMigration = 1030;
						ProvisioningStyle = Automatic;
					};
				};
			};
			buildConfigurationList = FD602DB11FC22DAD002DA06A /* Build configuration list for PBXProject "Mapbox-starter" */;
			compatibilityVersion = "Xcode 8.0";
			developmentRegion = en;
			hasScannedForEncodings = 0;
			knownRegions = (
				en,
				Base,
			);
			mainGroup = FD602DAD1FC22DAD002DA06A;
			productRefGroup = FD602DB71FC22DAD002DA06A /* Products */;
			projectDirPath = "";
			projectRoot = "";
			targets = (
				FD602DB51FC22DAD002DA06A /* Mapbox-starter */,
			);
		};
/* End PBXProject section */

/* Begin PBXResourcesBuildPhase section */
		FD602DB41FC22DAD002DA06A /* Resources */ = {
			isa = PBXResourcesBuildPhase;
			buildActionMask = 2147483647;
			files = (
				FD602DC41FC22DAD002DA06A /* LaunchScreen.storyboard in Resources */,
				FD602DC11FC22DAD002DA06A /* Assets.xcassets in Resources */,
				CF4EF29423172653006E6B65 /* points.geojson in Resources */,
			);
			runOnlyForDeploymentPostprocessing = 0;
		};
/* End PBXResourcesBuildPhase section */

/* Begin PBXShellScriptBuildPhase section */
		FD602DCD1FC236EA002DA06A /* ShellScript */ = {
			isa = PBXShellScriptBuildPhase;
			buildActionMask = 2147483647;
			files = (
			);
			inputPaths = (
				"$(SRCROOT)/Carthage/Build/iOS/Mapbox.framework",
				"$(SRCROOT)/Carthage/Build/iOS/FloatingPanel.framework",
			);
			outputPaths = (
			);
			runOnlyForDeploymentPostprocessing = 0;
			shellPath = /bin/sh;
			shellScript = "/usr/local/bin/carthage copy-frameworks\n";
		};
/* End PBXShellScriptBuildPhase section */

/* Begin PBXSourcesBuildPhase section */
		FD602DB21FC22DAD002DA06A /* Sources */ = {
			isa = PBXSourcesBuildPhase;
			buildActionMask = 2147483647;
			files = (
				CF4EF28823172653006E6B65 /* MapModelController.swift in Sources */,
				CF4EF29A23172653006E6B65 /* MapError.swift in Sources */,
				CF4EF28723172653006E6B65 /* CategoryCollectionViewCell.swift in Sources */,
				CF4EF29D23172653006E6B65 /* PlaceCategory+Service.swift in Sources */,
				CF4EF29C23172653006E6B65 /* Place.swift in Sources */,
				CF4EF28C23172653006E6B65 /* PlaceAnnotationView.swift in Sources */,
				CF4EF2A123172653006E6B65 /* PlaceCategory.swift in Sources */,
				CF4EF28623172653006E6B65 /* PlaceAnnotation.swift in Sources */,
				CF4EF28D23172653006E6B65 /* SettingsPanelLayout.swift in Sources */,
				CF4EF2A223172653006E6B65 /* Map.swift in Sources */,
				CF4EF2A023172653006E6B65 /* File.swift in Sources */,
				CF4EF28A23172653006E6B65 /* SearchPanelController.swift in Sources */,
				CF4EF29E23172653006E6B65 /* MapStyle.swift in Sources */,
				CF4EF29723172653006E6B65 /* Extensions.swift in Sources */,
				CF4EF29F23172653006E6B65 /* Location+Service.swift in Sources */,
				CF4EF29823172653006E6B65 /* AppleColor.swift in Sources */,
				CF4EF28E23172653006E6B65 /* SettingsPanelController.swift in Sources */,
				CF4EF29123172653006E6B65 /* PanelInset.swift in Sources */,
				CF4EF29623172653006E6B65 /* SerializationError.swift in Sources */,
				CF4EF29223172653006E6B65 /* DataService.swift in Sources */,
				CF4EF29B23172653006E6B65 /* Location.swift in Sources */,
				CF4EF2A323172653006E6B65 /* MapBoundaries.swift in Sources */,
				FD602DBA1FC22DAD002DA06A /* AppDelegate.swift in Sources */,
				CF4EF28B23172653006E6B65 /* SearchPanelLayout.swift in Sources */,
				CF4EF29023172653006E6B65 /* GPSButton.swift in Sources */,
				CF4EF29323172653006E6B65 /* Default.swift in Sources */,
				CF4EF29923172653006E6B65 /* LocationManager.swift in Sources */,
				CF4EF28923172653006E6B65 /* PlaceTableViewCell.swift in Sources */,
				CF4EF29523172653006E6B65 /* MapStyleCollection.swift in Sources */,
				CF4EF28F23172653006E6B65 /* MapViewModel.swift in Sources */,
			);
			runOnlyForDeploymentPostprocessing = 0;
		};
/* End PBXSourcesBuildPhase section */

/* Begin PBXVariantGroup section */
		FD602DC21FC22DAD002DA06A /* LaunchScreen.storyboard */ = {
			isa = PBXVariantGroup;
			children = (
				FD602DC31FC22DAD002DA06A /* Base */,
			);
			name = LaunchScreen.storyboard;
			sourceTree = "<group>";
		};
/* End PBXVariantGroup section */

/* Begin XCBuildConfiguration section */
		FD602DC61FC22DAD002DA06A /* Debug */ = {
			isa = XCBuildConfiguration;
			buildSettings = {
				ALWAYS_SEARCH_USER_PATHS = NO;
				CLANG_ANALYZER_NONNULL = YES;
				CLANG_ANALYZER_NUMBER_OBJECT_CONVERSION = YES_AGGRESSIVE;
				CLANG_CXX_LANGUAGE_STANDARD = "gnu++14";
				CLANG_CXX_LIBRARY = "libc++";
				CLANG_ENABLE_MODULES = YES;
				CLANG_ENABLE_OBJC_ARC = YES;
				CLANG_WARN_BLOCK_CAPTURE_AUTORELEASING = YES;
				CLANG_WARN_BOOL_CONVERSION = YES;
				CLANG_WARN_COMMA = YES;
				CLANG_WARN_CONSTANT_CONVERSION = YES;
				CLANG_WARN_DEPRECATED_OBJC_IMPLEMENTATIONS = YES;
				CLANG_WARN_DIRECT_OBJC_ISA_USAGE = YES_ERROR;
				CLANG_WARN_DOCUMENTATION_COMMENTS = YES;
				CLANG_WARN_EMPTY_BODY = YES;
				CLANG_WARN_ENUM_CONVERSION = YES;
				CLANG_WARN_INFINITE_RECURSION = YES;
				CLANG_WARN_INT_CONVERSION = YES;
				CLANG_WARN_NON_LITERAL_NULL_CONVERSION = YES;
				CLANG_WARN_OBJC_IMPLICIT_RETAIN_SELF = YES;
				CLANG_WARN_OBJC_LITERAL_CONVERSION = YES;
				CLANG_WARN_OBJC_ROOT_CLASS = YES_ERROR;
				CLANG_WARN_RANGE_LOOP_ANALYSIS = YES;
				CLANG_WARN_STRICT_PROTOTYPES = YES;
				CLANG_WARN_SUSPICIOUS_MOVE = YES;
				CLANG_WARN_UNGUARDED_AVAILABILITY = YES_AGGRESSIVE;
				CLANG_WARN_UNREACHABLE_CODE = YES;
				CLANG_WARN__DUPLICATE_METHOD_MATCH = YES;
				CODE_SIGN_IDENTITY = "iPhone Developer";
				COPY_PHASE_STRIP = NO;
				DEBUG_INFORMATION_FORMAT = dwarf;
				ENABLE_STRICT_OBJC_MSGSEND = YES;
				ENABLE_TESTABILITY = YES;
				GCC_C_LANGUAGE_STANDARD = gnu11;
				GCC_DYNAMIC_NO_PIC = NO;
				GCC_NO_COMMON_BLOCKS = YES;
				GCC_OPTIMIZATION_LEVEL = 0;
				GCC_PREPROCESSOR_DEFINITIONS = (
					"DEBUG=1",
					"$(inherited)",
				);
				GCC_WARN_64_TO_32_BIT_CONVERSION = YES;
				GCC_WARN_ABOUT_RETURN_TYPE = YES_ERROR;
				GCC_WARN_UNDECLARED_SELECTOR = YES;
				GCC_WARN_UNINITIALIZED_AUTOS = YES_AGGRESSIVE;
				GCC_WARN_UNUSED_FUNCTION = YES;
				GCC_WARN_UNUSED_VARIABLE = YES;
				IPHONEOS_DEPLOYMENT_TARGET = 11.1;
				MTL_ENABLE_DEBUG_INFO = YES;
				ONLY_ACTIVE_ARCH = YES;
				SDKROOT = iphoneos;
				SWIFT_ACTIVE_COMPILATION_CONDITIONS = DEBUG;
				SWIFT_OPTIMIZATION_LEVEL = "-Onone";
			};
			name = Debug;
		};
		FD602DC71FC22DAD002DA06A /* Release */ = {
			isa = XCBuildConfiguration;
			buildSettings = {
				ALWAYS_SEARCH_USER_PATHS = NO;
				CLANG_ANALYZER_NONNULL = YES;
				CLANG_ANALYZER_NUMBER_OBJECT_CONVERSION = YES_AGGRESSIVE;
				CLANG_CXX_LANGUAGE_STANDARD = "gnu++14";
				CLANG_CXX_LIBRARY = "libc++";
				CLANG_ENABLE_MODULES = YES;
				CLANG_ENABLE_OBJC_ARC = YES;
				CLANG_WARN_BLOCK_CAPTURE_AUTORELEASING = YES;
				CLANG_WARN_BOOL_CONVERSION = YES;
				CLANG_WARN_COMMA = YES;
				CLANG_WARN_CONSTANT_CONVERSION = YES;
				CLANG_WARN_DEPRECATED_OBJC_IMPLEMENTATIONS = YES;
				CLANG_WARN_DIRECT_OBJC_ISA_USAGE = YES_ERROR;
				CLANG_WARN_DOCUMENTATION_COMMENTS = YES;
				CLANG_WARN_EMPTY_BODY = YES;
				CLANG_WARN_ENUM_CONVERSION = YES;
				CLANG_WARN_INFINITE_RECURSION = YES;
				CLANG_WARN_INT_CONVERSION = YES;
				CLANG_WARN_NON_LITERAL_NULL_CONVERSION = YES;
				CLANG_WARN_OBJC_IMPLICIT_RETAIN_SELF = YES;
				CLANG_WARN_OBJC_LITERAL_CONVERSION = YES;
				CLANG_WARN_OBJC_ROOT_CLASS = YES_ERROR;
				CLANG_WARN_RANGE_LOOP_ANALYSIS = YES;
				CLANG_WARN_STRICT_PROTOTYPES = YES;
				CLANG_WARN_SUSPICIOUS_MOVE = YES;
				CLANG_WARN_UNGUARDED_AVAILABILITY = YES_AGGRESSIVE;
				CLANG_WARN_UNREACHABLE_CODE = YES;
				CLANG_WARN__DUPLICATE_METHOD_MATCH = YES;
				CODE_SIGN_IDENTITY = "iPhone Developer";
				COPY_PHASE_STRIP = NO;
				DEBUG_INFORMATION_FORMAT = "dwarf-with-dsym";
				ENABLE_NS_ASSERTIONS = NO;
				ENABLE_STRICT_OBJC_MSGSEND = YES;
				GCC_C_LANGUAGE_STANDARD = gnu11;
				GCC_NO_COMMON_BLOCKS = YES;
				GCC_WARN_64_TO_32_BIT_CONVERSION = YES;
				GCC_WARN_ABOUT_RETURN_TYPE = YES_ERROR;
				GCC_WARN_UNDECLARED_SELECTOR = YES;
				GCC_WARN_UNINITIALIZED_AUTOS = YES_AGGRESSIVE;
				GCC_WARN_UNUSED_FUNCTION = YES;
				GCC_WARN_UNUSED_VARIABLE = YES;
				IPHONEOS_DEPLOYMENT_TARGET = 11.1;
				MTL_ENABLE_DEBUG_INFO = NO;
				SDKROOT = iphoneos;
				SWIFT_OPTIMIZATION_LEVEL = "-Owholemodule";
				VALIDATE_PRODUCT = YES;
			};
			name = Release;
		};
		FD602DC91FC22DAD002DA06A /* Debug */ = {
			isa = XCBuildConfiguration;
			buildSettings = {
				ASSETCATALOG_COMPILER_APPICON_NAME = AppIcon;
				CODE_SIGN_STYLE = Automatic;
				DEVELOPMENT_TEAM = "";
				FRAMEWORK_SEARCH_PATHS = (
					"$(inherited)",
					"$(PROJECT_DIR)/Carthage/Build/iOS",
				);
				INFOPLIST_FILE = starter/Info.plist;
				LD_RUNPATH_SEARCH_PATHS = "$(inherited) @executable_path/Frameworks";
				PRODUCT_BUNDLE_IDENTIFIER = "roblabs.com.ios-map-ui";
				PRODUCT_NAME = "$(TARGET_NAME)";
				SWIFT_VERSION = 5.0;
				TARGETED_DEVICE_FAMILY = "1,2";
			};
			name = Debug;
		};
		FD602DCA1FC22DAD002DA06A /* Release */ = {
			isa = XCBuildConfiguration;
			buildSettings = {
				ASSETCATALOG_COMPILER_APPICON_NAME = AppIcon;
				CODE_SIGN_STYLE = Automatic;
				DEVELOPMENT_TEAM = "";
				FRAMEWORK_SEARCH_PATHS = (
					"$(inherited)",
					"$(PROJECT_DIR)/Carthage/Build/iOS",
				);
				INFOPLIST_FILE = starter/Info.plist;
				LD_RUNPATH_SEARCH_PATHS = "$(inherited) @executable_path/Frameworks";
				PRODUCT_BUNDLE_IDENTIFIER = "roblabs.com.ios-map-ui";
				PRODUCT_NAME = "$(TARGET_NAME)";
				SWIFT_VERSION = 5.0;
				TARGETED_DEVICE_FAMILY = "1,2";
			};
			name = Release;
		};
/* End XCBuildConfiguration section */

/* Begin XCConfigurationList section */
		FD602DB11FC22DAD002DA06A /* Build configuration list for PBXProject "Mapbox-starter" */ = {
			isa = XCConfigurationList;
			buildConfigurations = (
				FD602DC61FC22DAD002DA06A /* Debug */,
				FD602DC71FC22DAD002DA06A /* Release */,
			);
			defaultConfigurationIsVisible = 0;
			defaultConfigurationName = Release;
		};
		FD602DC81FC22DAD002DA06A /* Build configuration list for PBXNativeTarget "Mapbox-starter" */ = {
			isa = XCConfigurationList;
			buildConfigurations = (
				FD602DC91FC22DAD002DA06A /* Debug */,
				FD602DCA1FC22DAD002DA06A /* Release */,
			);
			defaultConfigurationIsVisible = 0;
			defaultConfigurationName = Release;
		};
/* End XCConfigurationList section */
	};
	rootObject = FD602DAE1FC22DAD002DA06A /* Project object */;
}
